<?xml version="1.0" encoding="utf-8"?>
<Project ToolsVersion="4.0" xmlns="http://schemas.microsoft.com/developer/msbuild/2003">
  <ItemGroup>
    <Filter Include="源文件">
      <UniqueIdentifier>{4FC737F1-C7A5-4376-A066-2A32D752A2FF}</UniqueIdentifier>
      <Extensions>cpp;c;cc;cxx;c++;cppm;ixx;def;odl;idl;hpj;bat;asm;asmx</Extensions>
    </Filter>
    <Filter Include="头文件">
      <UniqueIdentifier>{93995380-89BD-4b04-88EB-625FBE52EBFB}</UniqueIdentifier>
      <Extensions>h;hh;hpp;hxx;h++;hm;inl;inc;ipp;xsd</Extensions>
    </Filter>
    <Filter Include="资源文件">
      <UniqueIdentifier>{67DA6AB6-F800-4c08-8B7A-83BB121AAD01}</UniqueIdentifier>
      <Extensions>rc;ico;cur;bmp;dlg;rc2;rct;bin;rgs;gif;jpg;jpeg;jpe;resx;tiff;tif;png;wav;mfcribbon-ms</Extensions>
    </Filter>
    <Filter Include="include">
      <UniqueIdentifier>{d10b6035-5870-495b-8a6b-4603f46a8288}</UniqueIdentifier>
    </Filter>
    <Filter Include="src">
      <UniqueIdentifier>{147f6d67-28ec-4826-9478-963f10d8bdc2}</UniqueIdentifier>
    </Filter>
    <Filter Include="html">
      <UniqueIdentifier>{6381f91f-fe48-496c-840b-b19128633308}</UniqueIdentifier>
    </Filter>
    <Filter Include="css">
      <UniqueIdentifier>{8758b960-3d15-4c07-ac5b-d94de427aa3e}</UniqueIdentifier>
    </Filter>
    <Filter Include="js">
      <UniqueIdentifier>{853b194c-09b1-4a6a-ae51-d44d9fc730b2}</UniqueIdentifier>
    </Filter>
  </ItemGroup>
  <ItemGroup>
    <ClCompile Include="main.cpp">
      <Filter>html</Filter>
    </ClCompile>
  </ItemGroup>
  <ItemGroup>
    <None Include="articles.htm">
      <Filter>html</Filter>
    </None>
    <None Include="chat.htm">
      <Filter>html</Filter>
    </None>
    <None Include="index.htm">
      <Filter>html</Filter>
    </None>
    <None Include="login.htm">
      <Filter>html</Filter>
    </None>
    <None Include="register.htm">
      <Filter>html</Filter>
    </None>
    <None Include="script.js">
      <Filter>js</Filter>
    </None>
    <None Include="style.css">
      <Filter>css</Filter>
    </None>
  </ItemGroup>
</Project>